{
    "version": 3,
    "terraform_version": "0.11.8",
    "serial": 3,
    "lineage": "3964f54e-1281-c1c9-459f-f7512d6449da",
    "modules": [
        {
            "path": [
                "root"
            ],
            "outputs": {},
            "resources": {
                "docker_container.kilimanjaro": {
                    "type": "docker_container",
                    "depends_on": [
                        "docker_image.image_id"
                    ],
                    "primary": {
                        "id": "5b78e0f7676727695b5f8f6375a3b83bbf3ffc4314aeded6e11a0f30631bde8a",
                        "attributes": {
                            "bridge": "",
                            "gateway": "172.17.0.1",
                            "id": "5b78e0f7676727695b5f8f6375a3b83bbf3ffc4314aeded6e11a0f30631bde8a",
                            "image": "sha256:11f4f11f398ef174fbc5ce4ac4db28654835e2022f42cdef082653b9cafffbc0",
                            "ip_address": "172.17.0.2",
                            "ip_prefix_length": "16",
                            "log_driver": "json-file",
                            "must_run": "true",
                            "name": "kilimanjaro_container",
                            "ports.#": "1",
                            "ports.3737676092.external": "80",
                            "ports.3737676092.internal": "8080",
                            "ports.3737676092.ip": "",
                            "ports.3737676092.protocol": "tcp",
                            "restart": "no"
                        },
                        "meta": {},
                        "tainted": false
                    },
                    "deposed": [],
                    "provider": "provider.docker"
                },
                "docker_image.image_id": {
                    "type": "docker_image",
                    "depends_on": [],
                    "primary": {
                        "id": "sha256:11f4f11f398ef174fbc5ce4ac4db28654835e2022f42cdef082653b9cafffbc0josephmuli/simple_nginx:0.0.2",
                        "attributes": {
                            "id": "sha256:11f4f11f398ef174fbc5ce4ac4db28654835e2022f42cdef082653b9cafffbc0josephmuli/simple_nginx:0.0.2",
                            "latest": "sha256:11f4f11f398ef174fbc5ce4ac4db28654835e2022f42cdef082653b9cafffbc0",
                            "name": "josephmuli/simple_nginx:0.0.2"
                        },
                        "meta": {},
                        "tainted": false
                    },
                    "deposed": [],
                    "provider": "provider.docker"
                }
            },
            "depends_on": []
        }
    ]
}
